
Microsoft Visual Studio Solution File, Format Version 12.00
# Visual Studio Version 16
VisualStudioVersion = 16.0.810.16
MinimumVisualStudioVersion = 10.0.40219.1
Project("{FAE04EC0-301F-11D3-BF4B-00C04F79EFBC}") = "JoelFilms", "JoelFilms\JoelFilms.csproj", "{EB963AA7-D0DA-47CA-9302-12B03C372289}"
EndProject
Global
	GlobalSection(SolutionConfigurationPlatforms) = preSolution
		Debug|Any CPU = Debug|Any CPU
		Release|Any CPU = Release|Any CPU
	EndGlobalSection
	GlobalSection(ProjectConfigurationPlatforms) = postSolution
		{EB963AA7-D0DA-47CA-9302-12B03C372289}.Debug|Any CPU.ActiveCfg = Debug|Any CPU
		{EB963AA7-D0DA-47CA-9302-12B03C372289}.Debug|Any CPU.Build.0 = Debug|Any CPU
		{EB963AA7-D0DA-47CA-9302-12B03C372289}.Release|Any CPU.ActiveCfg = Release|Any CPU
		{EB963AA7-D0DA-47CA-9302-12B03C372289}.Release|Any CPU.Build.0 = Release|Any CPU
	EndGlobalSection
	GlobalSection(SolutionProperties) = preSolution
		HideSolutionNode = FALSE
	EndGlobalSection
	GlobalSection(ExtensibilityGlobals) = postSolution
		SolutionGuid = {6BDD255F-2854-42EB-A59D-4D9AEBD73752}
	EndGlobalSection
EndGlobal
